
Microsoft Visual Studio Solution File, Format Version 12.00
# Visual Studio 15
VisualStudioVersion = 15.0.28307.136
MinimumVisualStudioVersion = 10.0.40219.1
Project("{9A19103F-16F7-4668-BE54-9A1E7A4F7556}") = "WebApplication1", "WebApplication1\WebApplication1.csproj", "{A42085E2-7338-48FF-8C45-A5332E6AD77B}"
EndProject
Global
	GlobalSection(SolutionConfigurationPlatforms) = preSolution
		Debug|Any CPU = Debug|Any CPU
		Release|Any CPU = Release|Any CPU
	EndGlobalSection
	GlobalSection(ProjectConfigurationPlatforms) = postSolution
		{A42085E2-7338-48FF-8C45-A5332E6AD77B}.Debug|Any CPU.ActiveCfg = Debug|Any CPU
		{A42085E2-7338-48FF-8C45-A5332E6AD77B}.Debug|Any CPU.Build.0 = Debug|Any CPU
		{A42085E2-7338-48FF-8C45-A5332E6AD77B}.Release|Any CPU.ActiveCfg = Release|Any CPU
		{A42085E2-7338-48FF-8C45-A5332E6AD77B}.Release|Any CPU.Build.0 = Release|Any CPU
	EndGlobalSection
	GlobalSection(SolutionProperties) = preSolution
		HideSolutionNode = FALSE
	EndGlobalSection
	GlobalSection(ExtensibilityGlobals) = postSolution
		LessCompiler = a42085e2-7338-48ff-8c45-a5332e6ad77b
		SolutionGuid = {50023DA4-3611-4F36-97D7-4F4368ABAEC5}
	EndGlobalSection
EndGlobal
